
Microsoft Visual Studio Solution File, Format Version 12.00
# Visual Studio Version 17
VisualStudioVersion = 17.11.35327.3
MinimumVisualStudioVersion = 10.0.40219.1
Project("{FAE04EC0-301F-11D3-BF4B-00C04F79EFBC}") = "6.1", "6.1\6.1.csproj", "{8AB10626-8275-41D0-B0B6-8E74C828B2EB}"
EndProject
Global
	GlobalSection(SolutionConfigurationPlatforms) = preSolution
		Debug|Any CPU = Debug|Any CPU
		Release|Any CPU = Release|Any CPU
	EndGlobalSection
	GlobalSection(ProjectConfigurationPlatforms) = postSolution
		{8AB10626-8275-41D0-B0B6-8E74C828B2EB}.Debug|Any CPU.ActiveCfg = Debug|Any CPU
		{8AB10626-8275-41D0-B0B6-8E74C828B2EB}.Debug|Any CPU.Build.0 = Debug|Any CPU
		{8AB10626-8275-41D0-B0B6-8E74C828B2EB}.Release|Any CPU.ActiveCfg = Release|Any CPU
		{8AB10626-8275-41D0-B0B6-8E74C828B2EB}.Release|Any CPU.Build.0 = Release|Any CPU
	EndGlobalSection
	GlobalSection(SolutionProperties) = preSolution
		HideSolutionNode = FALSE
	EndGlobalSection
	GlobalSection(ExtensibilityGlobals) = postSolution
		SolutionGuid = {DD198774-0EEE-4694-863C-59FADB3CB083}
	EndGlobalSection
EndGlobal
